{
	"name": "@fufu1437/kiln",
	"version": "0.0.17",
	"lockfileVersion": 3,
	"requires": true,
	"packages": {
		"": {
			"name": "@fufu1437/kiln",
			"version": "0.0.17",
			"license": "LGPL-3.0-only",
			"dependencies": {
				"undici-types": "^7.24.6"
			},
			"bin": {
				"kiln": "bin/kiln"
			},
			"devDependencies": {
				"@types/node": "^25.9.1"
			}
		},
		"node_modules/@types/node": {
			"version": "25.9.1",
			"resolved": "https://mirrors.cloud.tencent.com/npm/@types/node/-/node-25.9.1.tgz",
			"integrity": "sha512-xfrlY7UD5rMJk3ZVJP8BNzS28J36YJg+xp+LPXV1TdWxr8uMH5A860QNxYDGQe/ylDSgjxE52Q9VnO7p75tJxg==",
			"dev": true,
			"license": "MIT",
			"dependencies": {
				"undici-types": ">=7.24.0 <7.24.7"
			}
		},
		"node_modules/undici-types": {
			"version": "7.24.6",
			"license": "MIT"
		}
	}
}
